
Microsoft Visual Studio Solution File, Format Version 12.00
# Visual Studio 15
VisualStudioVersion = 15.0.27703.2035
MinimumVisualStudioVersion = 10.0.40219.1
Project("{FAE04EC0-301F-11D3-BF4B-00C04F79EFBC}") = "CardGame", "CardGame\CardGame.csproj", "{43CE626F-A0C9-443D-B27A-D64C0201D126}"
EndProject
Project("{FAE04EC0-301F-11D3-BF4B-00C04F79EFBC}") = "Classes", "Classes\Classes.csproj", "{437C48A6-7BAB-45E4-83EB-B82E3967AB6E}"
EndProject
Global
	GlobalSection(SolutionConfigurationPlatforms) = preSolution
		Debug|Any CPU = Debug|Any CPU
		Release|Any CPU = Release|Any CPU
	EndGlobalSection
	GlobalSection(ProjectConfigurationPlatforms) = postSolution
		{43CE626F-A0C9-443D-B27A-D64C0201D126}.Debug|Any CPU.ActiveCfg = Debug|Any CPU
		{43CE626F-A0C9-443D-B27A-D64C0201D126}.Debug|Any CPU.Build.0 = Debug|Any CPU
		{43CE626F-A0C9-443D-B27A-D64C0201D126}.Release|Any CPU.ActiveCfg = Release|Any CPU
		{43CE626F-A0C9-443D-B27A-D64C0201D126}.Release|Any CPU.Build.0 = Release|Any CPU
		{437C48A6-7BAB-45E4-83EB-B82E3967AB6E}.Debug|Any CPU.ActiveCfg = Debug|Any CPU
		{437C48A6-7BAB-45E4-83EB-B82E3967AB6E}.Debug|Any CPU.Build.0 = Debug|Any CPU
		{437C48A6-7BAB-45E4-83EB-B82E3967AB6E}.Release|Any CPU.ActiveCfg = Release|Any CPU
		{437C48A6-7BAB-45E4-83EB-B82E3967AB6E}.Release|Any CPU.Build.0 = Release|Any CPU
	EndGlobalSection
	GlobalSection(SolutionProperties) = preSolution
		HideSolutionNode = FALSE
	EndGlobalSection
	GlobalSection(ExtensibilityGlobals) = postSolution
		SolutionGuid = {4BC6D19F-AE2D-4D63-A1C1-C2441024077E}
	EndGlobalSection
EndGlobal
